
Microsoft Visual Studio Solution File, Format Version 12.00
# Visual Studio 15
VisualStudioVersion = 15.0.27004.2010
MinimumVisualStudioVersion = 10.0.40219.1
Project("{FAE04EC0-301F-11D3-BF4B-00C04F79EFBC}") = "EnaxisDevonApp", "EnaxisDevonApp\EnaxisDevonApp\EnaxisDevonApp.csproj", "{B91B27D6-4BFF-4453-9A54-61C48FDB78B4}"
EndProject
Project("{FAE04EC0-301F-11D3-BF4B-00C04F79EFBC}") = "EnaxisDevonApp.Android", "EnaxisDevonApp\EnaxisDevonApp.Android\EnaxisDevonApp.Android.csproj", "{FE876038-3A2C-4100-B423-3CCC52775E61}"
EndProject
Global
	GlobalSection(SolutionConfigurationPlatforms) = preSolution
		Debug|Any CPU = Debug|Any CPU
		Debug|ARM = Debug|ARM
		Debug|x64 = Debug|x64
		Debug|x86 = Debug|x86
		Release|Any CPU = Release|Any CPU
		Release|ARM = Release|ARM
		Release|x64 = Release|x64
		Release|x86 = Release|x86
	EndGlobalSection
	GlobalSection(ProjectConfigurationPlatforms) = postSolution
		{B91B27D6-4BFF-4453-9A54-61C48FDB78B4}.Debug|Any CPU.ActiveCfg = Debug|Any CPU
		{B91B27D6-4BFF-4453-9A54-61C48FDB78B4}.Debug|Any CPU.Build.0 = Debug|Any CPU
		{B91B27D6-4BFF-4453-9A54-61C48FDB78B4}.Debug|ARM.ActiveCfg = Debug|Any CPU
		{B91B27D6-4BFF-4453-9A54-61C48FDB78B4}.Debug|ARM.Build.0 = Debug|Any CPU
		{B91B27D6-4BFF-4453-9A54-61C48FDB78B4}.Debug|x64.ActiveCfg = Debug|Any CPU
		{B91B27D6-4BFF-4453-9A54-61C48FDB78B4}.Debug|x64.Build.0 = Debug|Any CPU
		{B91B27D6-4BFF-4453-9A54-61C48FDB78B4}.Debug|x86.ActiveCfg = Debug|Any CPU
		{B91B27D6-4BFF-4453-9A54-61C48FDB78B4}.Debug|x86.Build.0 = Debug|Any CPU
		{B91B27D6-4BFF-4453-9A54-61C48FDB78B4}.Release|Any CPU.ActiveCfg = Release|Any CPU
		{B91B27D6-4BFF-4453-9A54-61C48FDB78B4}.Release|Any CPU.Build.0 = Release|Any CPU
		{B91B27D6-4BFF-4453-9A54-61C48FDB78B4}.Release|ARM.ActiveCfg = Release|Any CPU
		{B91B27D6-4BFF-4453-9A54-61C48FDB78B4}.Release|ARM.Build.0 = Release|Any CPU
		{B91B27D6-4BFF-4453-9A54-61C48FDB78B4}.Release|x64.ActiveCfg = Release|Any CPU
		{B91B27D6-4BFF-4453-9A54-61C48FDB78B4}.Release|x64.Build.0 = Release|Any CPU
		{B91B27D6-4BFF-4453-9A54-61C48FDB78B4}.Release|x86.ActiveCfg = Release|Any CPU
		{B91B27D6-4BFF-4453-9A54-61C48FDB78B4}.Release|x86.Build.0 = Release|Any CPU
		{FE876038-3A2C-4100-B423-3CCC52775E61}.Debug|Any CPU.ActiveCfg = Debug|Any CPU
		{FE876038-3A2C-4100-B423-3CCC52775E61}.Debug|Any CPU.Build.0 = Debug|Any CPU
		{FE876038-3A2C-4100-B423-3CCC52775E61}.Debug|Any CPU.Deploy.0 = Debug|Any CPU
		{FE876038-3A2C-4100-B423-3CCC52775E61}.Debug|ARM.ActiveCfg = Debug|Any CPU
		{FE876038-3A2C-4100-B423-3CCC52775E61}.Debug|ARM.Build.0 = Debug|Any CPU
		{FE876038-3A2C-4100-B423-3CCC52775E61}.Debug|ARM.Deploy.0 = Debug|Any CPU
		{FE876038-3A2C-4100-B423-3CCC52775E61}.Debug|x64.ActiveCfg = Debug|Any CPU
		{FE876038-3A2C-4100-B423-3CCC52775E61}.Debug|x64.Build.0 = Debug|Any CPU
		{FE876038-3A2C-4100-B423-3CCC52775E61}.Debug|x64.Deploy.0 = Debug|Any CPU
		{FE876038-3A2C-4100-B423-3CCC52775E61}.Debug|x86.ActiveCfg = Debug|Any CPU
		{FE876038-3A2C-4100-B423-3CCC52775E61}.Debug|x86.Build.0 = Debug|Any CPU
		{FE876038-3A2C-4100-B423-3CCC52775E61}.Debug|x86.Deploy.0 = Debug|Any CPU
		{FE876038-3A2C-4100-B423-3CCC52775E61}.Release|Any CPU.ActiveCfg = Release|Any CPU
		{FE876038-3A2C-4100-B423-3CCC52775E61}.Release|Any CPU.Build.0 = Release|Any CPU
		{FE876038-3A2C-4100-B423-3CCC52775E61}.Release|Any CPU.Deploy.0 = Release|Any CPU
		{FE876038-3A2C-4100-B423-3CCC52775E61}.Release|ARM.ActiveCfg = Release|Any CPU
		{FE876038-3A2C-4100-B423-3CCC52775E61}.Release|ARM.Build.0 = Release|Any CPU
		{FE876038-3A2C-4100-B423-3CCC52775E61}.Release|ARM.Deploy.0 = Release|Any CPU
		{FE876038-3A2C-4100-B423-3CCC52775E61}.Release|x64.ActiveCfg = Release|Any CPU
		{FE876038-3A2C-4100-B423-3CCC52775E61}.Release|x64.Build.0 = Release|Any CPU
		{FE876038-3A2C-4100-B423-3CCC52775E61}.Release|x64.Deploy.0 = Release|Any CPU
		{FE876038-3A2C-4100-B423-3CCC52775E61}.Release|x86.ActiveCfg = Release|Any CPU
		{FE876038-3A2C-4100-B423-3CCC52775E61}.Release|x86.Build.0 = Release|Any CPU
		{FE876038-3A2C-4100-B423-3CCC52775E61}.Release|x86.Deploy.0 = Release|Any CPU
	EndGlobalSection
	GlobalSection(SolutionProperties) = preSolution
		HideSolutionNode = FALSE
	EndGlobalSection
	GlobalSection(ExtensibilityGlobals) = postSolution
		SolutionGuid = {49948648-ABBA-4267-A032-6CE510A2A92F}
	EndGlobalSection
EndGlobal
